
Microsoft Visual Studio Solution File, Format Version 12.00
# Visual Studio Version 17
VisualStudioVersion = 17.6.33815.320
MinimumVisualStudioVersion = 10.0.40219.1
Project("{8BC9CEB8-8B4A-11D0-8D11-00A0C91BC942}") = "CS131-Sandbox2", "CS131-Sandbox2\CS131-Sandbox2.vcxproj", "{ED047450-A5BF-4718-8E54-829A3BD71204}"
EndProject
Global
	GlobalSection(SolutionConfigurationPlatforms) = preSolution
		Debug|x64 = Debug|x64
		Debug|x86 = Debug|x86
		Release|x64 = Release|x64
		Release|x86 = Release|x86
	EndGlobalSection
	GlobalSection(ProjectConfigurationPlatforms) = postSolution
		{ED047450-A5BF-4718-8E54-829A3BD71204}.Debug|x64.ActiveCfg = Debug|x64
		{ED047450-A5BF-4718-8E54-829A3BD71204}.Debug|x64.Build.0 = Debug|x64
		{ED047450-A5BF-4718-8E54-829A3BD71204}.Debug|x86.ActiveCfg = Debug|Win32
		{ED047450-A5BF-4718-8E54-829A3BD71204}.Debug|x86.Build.0 = Debug|Win32
		{ED047450-A5BF-4718-8E54-829A3BD71204}.Release|x64.ActiveCfg = Release|x64
		{ED047450-A5BF-4718-8E54-829A3BD71204}.Release|x64.Build.0 = Release|x64
		{ED047450-A5BF-4718-8E54-829A3BD71204}.Release|x86.ActiveCfg = Release|Win32
		{ED047450-A5BF-4718-8E54-829A3BD71204}.Release|x86.Build.0 = Release|Win32
	EndGlobalSection
	GlobalSection(SolutionProperties) = preSolution
		HideSolutionNode = FALSE
	EndGlobalSection
	GlobalSection(ExtensibilityGlobals) = postSolution
		SolutionGuid = {F8B61C90-6207-47F4-A170-F8A8DAAF0A86}
	EndGlobalSection
EndGlobal
